// !$*UTF8*$!
{
	archiveVersion = 1;
	classes = {
	};
	objectVersion = 50;
	objects = {

/* Begin PBXBuildFile section */
		C132EAE120A414F200D357DB /* mainDelegate.cpp in Sources */ = {isa = PBXBuildFile; fileRef = C132EADF20A414F200D357DB /* mainDelegate.cpp */; };
		C180B69E20A3FB3F00209021 /* fileSystemManager.cpp in Sources */ = {isa = PBXBuildFile; fileRef = C180B69C20A3FB3F00209021 /* fileSystemManager.cpp */; };
		C1CC13B320A3C9B0006BD835 /* main.cpp in Sources */ = {isa = PBXBuildFile; fileRef = C1CC13B220A3C9B0006BD835 /* main.cpp */; };
		C1CC16C120A3DA12006BD835 /* Accelerate.framework in Frameworks */ = {isa = PBXBuildFile; fileRef = C1CC16C020A3DA12006BD835 /* Accelerate.framework */; };
		C1CC16C720A3E5F5006BD835 /* shape_predictor_68_face_landmarks.dat in CopyFiles */ = {isa = PBXBuildFile; fileRef = C1CC16C520A3E19C006BD835 /* shape_predictor_68_face_landmarks.dat */; };
/* End PBXBuildFile section */

/* Begin PBXCopyFilesBuildPhase section */
		C1CC13AD20A3C9B0006BD835 /* CopyFiles */ = {
			isa = PBXCopyFilesBuildPhase;
			buildActionMask = 12;
			dstPath = "";
			dstSubfolderSpec = 16;
			files = (
				C1CC16C720A3E5F5006BD835 /* shape_predictor_68_face_landmarks.dat in CopyFiles */,
			);
			runOnlyForDeploymentPostprocessing = 0;
		};
/* End PBXCopyFilesBuildPhase section */

/* Begin PBXFileReference section */
		C132EADF20A414F200D357DB /* mainDelegate.cpp */ = {isa = PBXFileReference; lastKnownFileType = sourcecode.cpp.cpp; path = mainDelegate.cpp; sourceTree = "<group>"; };
		C132EAE020A414F200D357DB /* mainDelegate.hpp */ = {isa = PBXFileReference; lastKnownFileType = sourcecode.cpp.h; path = mainDelegate.hpp; sourceTree = "<group>"; };
		C180B69C20A3FB3F00209021 /* fileSystemManager.cpp */ = {isa = PBXFileReference; lastKnownFileType = sourcecode.cpp.cpp; path = fileSystemManager.cpp; sourceTree = "<group>"; };
		C180B69D20A3FB3F00209021 /* fileSystemManager.hpp */ = {isa = PBXFileReference; lastKnownFileType = sourcecode.cpp.h; path = fileSystemManager.hpp; sourceTree = "<group>"; };
		C1CC13AF20A3C9B0006BD835 /* FaceWrangling */ = {isa = PBXFileReference; explicitFileType = "compiled.mach-o.executable"; includeInIndex = 0; path = FaceWrangling; sourceTree = BUILT_PRODUCTS_DIR; };
		C1CC13B220A3C9B0006BD835 /* main.cpp */ = {isa = PBXFileReference; lastKnownFileType = sourcecode.cpp.cpp; path = main.cpp; sourceTree = "<group>"; };
		C1CC16C020A3DA12006BD835 /* Accelerate.framework */ = {isa = PBXFileReference; lastKnownFileType = wrapper.framework; name = Accelerate.framework; path = System/Library/Frameworks/Accelerate.framework; sourceTree = SDKROOT; };
		C1CC16C520A3E19C006BD835 /* shape_predictor_68_face_landmarks.dat */ = {isa = PBXFileReference; lastKnownFileType = file; path = shape_predictor_68_face_landmarks.dat; sourceTree = "<group>"; };
		C1CC16C820A3F8EF006BD835 /* commonHeader.h */ = {isa = PBXFileReference; lastKnownFileType = sourcecode.c.h; path = commonHeader.h; sourceTree = "<group>"; };
/* End PBXFileReference section */

/* Begin PBXFrameworksBuildPhase section */
		C1CC13AC20A3C9B0006BD835 /* Frameworks */ = {
			isa = PBXFrameworksBuildPhase;
			buildActionMask = 2147483647;
			files = (
				C1CC16C120A3DA12006BD835 /* Accelerate.framework in Frameworks */,
			);
			runOnlyForDeploymentPostprocessing = 0;
		};
/* End PBXFrameworksBuildPhase section */

/* Begin PBXGroup section */
		C1CC13A620A3C9AF006BD835 = {
			isa = PBXGroup;
			children = (
				C1CC13B120A3C9B0006BD835 /* FaceWrangling */,
				C1CC13B020A3C9B0006BD835 /* Products */,
				C1CC16BF20A3DA11006BD835 /* Frameworks */,
			);
			sourceTree = "<group>";
		};
		C1CC13B020A3C9B0006BD835 /* Products */ = {
			isa = PBXGroup;
			children = (
				C1CC13AF20A3C9B0006BD835 /* FaceWrangling */,
			);
			name = Products;
			sourceTree = "<group>";
		};
		C1CC13B120A3C9B0006BD835 /* FaceWrangling */ = {
			isa = PBXGroup;
			children = (
				C1CC16C820A3F8EF006BD835 /* commonHeader.h */,
				C132EAE020A414F200D357DB /* mainDelegate.hpp */,
				C132EADF20A414F200D357DB /* mainDelegate.cpp */,
				C180B69D20A3FB3F00209021 /* fileSystemManager.hpp */,
				C180B69C20A3FB3F00209021 /* fileSystemManager.cpp */,
				C1CC13B220A3C9B0006BD835 /* main.cpp */,
				C1CC16C520A3E19C006BD835 /* shape_predictor_68_face_landmarks.dat */,
			);
			path = FaceWrangling;
			sourceTree = "<group>";
		};
		C1CC16BF20A3DA11006BD835 /* Frameworks */ = {
			isa = PBXGroup;
			children = (
				C1CC16C020A3DA12006BD835 /* Accelerate.framework */,
			);
			name = Frameworks;
			sourceTree = "<group>";
		};
/* End PBXGroup section */

/* Begin PBXNativeTarget section */
		C1CC13AE20A3C9B0006BD835 /* FaceWrangling */ = {
			isa = PBXNativeTarget;
			buildConfigurationList = C1CC13B620A3C9B0006BD835 /* Build configuration list for PBXNativeTarget "FaceWrangling" */;
			buildPhases = (
				C1CC13AB20A3C9B0006BD835 /* Sources */,
				C1CC13AC20A3C9B0006BD835 /* Frameworks */,
				C1CC13AD20A3C9B0006BD835 /* CopyFiles */,
			);
			buildRules = (
			);
			dependencies = (
			);
			name = FaceWrangling;
			productName = FaceWrangling;
			productReference = C1CC13AF20A3C9B0006BD835 /* FaceWrangling */;
			productType = "com.apple.product-type.tool";
		};
/* End PBXNativeTarget section */

/* Begin PBXProject section */
		C1CC13A720A3C9AF006BD835 /* Project object */ = {
			isa = PBXProject;
			attributes = {
				LastUpgradeCheck = 0930;
				ORGANIZATIONNAME = 170;
				TargetAttributes = {
					C1CC13AE20A3C9B0006BD835 = {
						CreatedOnToolsVersion = 9.3;
					};
				};
			};
			buildConfigurationList = C1CC13AA20A3C9AF006BD835 /* Build configuration list for PBXProject "FaceWrangling" */;
			compatibilityVersion = "Xcode 9.3";
			developmentRegion = en;
			hasScannedForEncodings = 0;
			knownRegions = (
				en,
			);
			mainGroup = C1CC13A620A3C9AF006BD835;
			productRefGroup = C1CC13B020A3C9B0006BD835 /* Products */;
			projectDirPath = "";
			projectRoot = "";
			targets = (
				C1CC13AE20A3C9B0006BD835 /* FaceWrangling */,
			);
		};
/* End PBXProject section */

/* Begin PBXSourcesBuildPhase section */
		C1CC13AB20A3C9B0006BD835 /* Sources */ = {
			isa = PBXSourcesBuildPhase;
			buildActionMask = 2147483647;
			files = (
				C180B69E20A3FB3F00209021 /* fileSystemManager.cpp in Sources */,
				C132EAE120A414F200D357DB /* mainDelegate.cpp in Sources */,
				C1CC13B320A3C9B0006BD835 /* main.cpp in Sources */,
			);
			runOnlyForDeploymentPostprocessing = 0;
		};
/* End PBXSourcesBuildPhase section */

/* Begin XCBuildConfiguration section */
		C1CC13B420A3C9B0006BD835 /* Debug */ = {
			isa = XCBuildConfiguration;
			buildSettings = {
				ALWAYS_SEARCH_USER_PATHS = NO;
				CLANG_ANALYZER_NONNULL = YES;
				CLANG_ANALYZER_NUMBER_OBJECT_CONVERSION = YES_AGGRESSIVE;
				CLANG_CXX_LANGUAGE_STANDARD = "gnu++14";
				CLANG_CXX_LIBRARY = "libc++";
				CLANG_ENABLE_MODULES = YES;
				CLANG_ENABLE_OBJC_ARC = YES;
				CLANG_ENABLE_OBJC_WEAK = YES;
				CLANG_WARN_BLOCK_CAPTURE_AUTORELEASING = YES;
				CLANG_WARN_BOOL_CONVERSION = YES;
				CLANG_WARN_COMMA = YES;
				CLANG_WARN_CONSTANT_CONVERSION = YES;
				CLANG_WARN_DEPRECATED_OBJC_IMPLEMENTATIONS = YES;
				CLANG_WARN_DIRECT_OBJC_ISA_USAGE = YES_ERROR;
				CLANG_WARN_DOCUMENTATION_COMMENTS = YES;
				CLANG_WARN_EMPTY_BODY = YES;
				CLANG_WARN_ENUM_CONVERSION = YES;
				CLANG_WARN_INFINITE_RECURSION = YES;
				CLANG_WARN_INT_CONVERSION = YES;
				CLANG_WARN_NON_LITERAL_NULL_CONVERSION = YES;
				CLANG_WARN_OBJC_IMPLICIT_RETAIN_SELF = YES;
				CLANG_WARN_OBJC_LITERAL_CONVERSION = YES;
				CLANG_WARN_OBJC_ROOT_CLASS = YES_ERROR;
				CLANG_WARN_RANGE_LOOP_ANALYSIS = YES;
				CLANG_WARN_STRICT_PROTOTYPES = YES;
				CLANG_WARN_SUSPICIOUS_MOVE = YES;
				CLANG_WARN_UNGUARDED_AVAILABILITY = YES_AGGRESSIVE;
				CLANG_WARN_UNREACHABLE_CODE = YES;
				CLANG_WARN__DUPLICATE_METHOD_MATCH = YES;
				CODE_SIGN_IDENTITY = "-";
				COPY_PHASE_STRIP = NO;
				DEBUG_INFORMATION_FORMAT = dwarf;
				ENABLE_STRICT_OBJC_MSGSEND = YES;
				ENABLE_TESTABILITY = YES;
				GCC_C_LANGUAGE_STANDARD = gnu11;
				GCC_DYNAMIC_NO_PIC = NO;
				GCC_NO_COMMON_BLOCKS = YES;
				GCC_OPTIMIZATION_LEVEL = 0;
				GCC_PREPROCESSOR_DEFINITIONS = (
					"DEBUG=1",
					"$(inherited)",
				);
				GCC_WARN_64_TO_32_BIT_CONVERSION = YES;
				GCC_WARN_ABOUT_RETURN_TYPE = YES_ERROR;
				GCC_WARN_UNDECLARED_SELECTOR = YES;
				GCC_WARN_UNINITIALIZED_AUTOS = YES_AGGRESSIVE;
				GCC_WARN_UNUSED_FUNCTION = YES;
				GCC_WARN_UNUSED_VARIABLE = YES;
				MACOSX_DEPLOYMENT_TARGET = 10.13;
				MTL_ENABLE_DEBUG_INFO = YES;
				ONLY_ACTIVE_ARCH = YES;
				SDKROOT = macosx;
			};
			name = Debug;
		};
		C1CC13B520A3C9B0006BD835 /* Release */ = {
			isa = XCBuildConfiguration;
			buildSettings = {
				ALWAYS_SEARCH_USER_PATHS = NO;
				CLANG_ANALYZER_NONNULL = YES;
				CLANG_ANALYZER_NUMBER_OBJECT_CONVERSION = YES_AGGRESSIVE;
				CLANG_CXX_LANGUAGE_STANDARD = "gnu++14";
				CLANG_CXX_LIBRARY = "libc++";
				CLANG_ENABLE_MODULES = YES;
				CLANG_ENABLE_OBJC_ARC = YES;
				CLANG_ENABLE_OBJC_WEAK = YES;
				CLANG_WARN_BLOCK_CAPTURE_AUTORELEASING = YES;
				CLANG_WARN_BOOL_CONVERSION = YES;
				CLANG_WARN_COMMA = YES;
				CLANG_WARN_CONSTANT_CONVERSION = YES;
				CLANG_WARN_DEPRECATED_OBJC_IMPLEMENTATIONS = YES;
				CLANG_WARN_DIRECT_OBJC_ISA_USAGE = YES_ERROR;
				CLANG_WARN_DOCUMENTATION_COMMENTS = YES;
				CLANG_WARN_EMPTY_BODY = YES;
				CLANG_WARN_ENUM_CONVERSION = YES;
				CLANG_WARN_INFINITE_RECURSION = YES;
				CLANG_WARN_INT_CONVERSION = YES;
				CLANG_WARN_NON_LITERAL_NULL_CONVERSION = YES;
				CLANG_WARN_OBJC_IMPLICIT_RETAIN_SELF = YES;
				CLANG_WARN_OBJC_LITERAL_CONVERSION = YES;
				CLANG_WARN_OBJC_ROOT_CLASS = YES_ERROR;
				CLANG_WARN_RANGE_LOOP_ANALYSIS = YES;
				CLANG_WARN_STRICT_PROTOTYPES = YES;
				CLANG_WARN_SUSPICIOUS_MOVE = YES;
				CLANG_WARN_UNGUARDED_AVAILABILITY = YES_AGGRESSIVE;
				CLANG_WARN_UNREACHABLE_CODE = YES;
				CLANG_WARN__DUPLICATE_METHOD_MATCH = YES;
				CODE_SIGN_IDENTITY = "-";
				COPY_PHASE_STRIP = NO;
				DEBUG_INFORMATION_FORMAT = "dwarf-with-dsym";
				ENABLE_NS_ASSERTIONS = NO;
				ENABLE_STRICT_OBJC_MSGSEND = YES;
				GCC_C_LANGUAGE_STANDARD = gnu11;
				GCC_NO_COMMON_BLOCKS = YES;
				GCC_WARN_64_TO_32_BIT_CONVERSION = YES;
				GCC_WARN_ABOUT_RETURN_TYPE = YES_ERROR;
				GCC_WARN_UNDECLARED_SELECTOR = YES;
				GCC_WARN_UNINITIALIZED_AUTOS = YES_AGGRESSIVE;
				GCC_WARN_UNUSED_FUNCTION = YES;
				GCC_WARN_UNUSED_VARIABLE = YES;
				MACOSX_DEPLOYMENT_TARGET = 10.13;
				MTL_ENABLE_DEBUG_INFO = NO;
				SDKROOT = macosx;
			};
			name = Release;
		};
		C1CC13B720A3C9B0006BD835 /* Debug */ = {
			isa = XCBuildConfiguration;
			buildSettings = {
				CODE_SIGN_STYLE = Automatic;
				GCC_PREPROCESSOR_DEFINITIONS = (
					"$(inherited)",
					DLIB_NO_GUI_SUPPORT,
					DLIB_JPEG_SUPPORT,
					NDEBUG,
					DLIB_USE_BLAS,
					DLIB_USE_LAPACK,
				);
				HEADER_SEARCH_PATHS = (
					/usr/local/Cellar/opencv/3.4.1_4/include,
					/usr/X11/include,
					/usr/local/include,
					/usr/local/Cellar/libpng/1.6.34/include/libpng16,
				);
				LIBRARY_SEARCH_PATHS = (
					/usr/local/Cellar/opencv/3.4.1_4/lib,
					/usr/local/lib,
					/usr/local/Cellar/libpng/1.6.34/lib,
					/opt/X11/lib,
				);
				OTHER_LDFLAGS = (
					"-lopencv_stitching",
					"-lopencv_superres",
					"-lopencv_videostab",
					"-lopencv_aruco",
					"-lopencv_bgsegm",
					"-lopencv_bioinspired",
					"-lopencv_ccalib",
					"-lopencv_dnn_objdetect",
					"-lopencv_dpm",
					"-lopencv_face",
					"-lopencv_photo",
					"-lopencv_fuzzy",
					"-lopencv_hfs",
					"-lopencv_img_hash",
					"-lopencv_line_descriptor",
					"-lopencv_optflow",
					"-lopencv_reg",
					"-lopencv_rgbd",
					"-lopencv_saliency",
					"-lopencv_stereo",
					"-lopencv_structured_light",
					"-lopencv_phase_unwrapping",
					"-lopencv_surface_matching",
					"-lopencv_tracking",
					"-lopencv_datasets",
					"-lopencv_dnn",
					"-lopencv_plot",
					"-lopencv_xfeatures2d",
					"-lopencv_shape",
					"-lopencv_video",
					"-lopencv_ml",
					"-lopencv_ximgproc",
					"-lopencv_calib3d",
					"-lopencv_features2d",
					"-lopencv_highgui",
					"-lopencv_videoio",
					"-lopencv_flann",
					"-lopencv_xobjdetect",
					"-lopencv_imgcodecs",
					"-lopencv_objdetect",
					"-lopencv_xphoto",
					"-lopencv_imgproc",
					"-lopencv_core",
					"-ldlib",
					"-lpng16",
					"-lz",
					"-lX11",
					"-lboost_filesystem",
					"-lboost_system",
				);
				PRODUCT_NAME = "$(TARGET_NAME)";
			};
			name = Debug;
		};
		C1CC13B820A3C9B0006BD835 /* Release */ = {
			isa = XCBuildConfiguration;
			buildSettings = {
				CODE_SIGN_STYLE = Automatic;
				GCC_PREPROCESSOR_DEFINITIONS = (
					"$(inherited)",
					DLIB_NO_GUI_SUPPORT,
					DLIB_JPEG_SUPPORT,
					NDEBUG,
					DLIB_USE_BLAS,
					DLIB_USE_LAPACK,
				);
				HEADER_SEARCH_PATHS = (
					/usr/local/Cellar/opencv/3.4.1_4/include,
					/usr/X11/include,
					/usr/local/include,
					/usr/local/Cellar/libpng/1.6.34/include/libpng16,
				);
				LIBRARY_SEARCH_PATHS = (
					/usr/local/Cellar/opencv/3.4.1_4/lib,
					/usr/local/lib,
					/usr/local/Cellar/libpng/1.6.34/lib,
					/opt/X11/lib,
				);
				OTHER_LDFLAGS = (
					"-lopencv_stitching",
					"-lopencv_superres",
					"-lopencv_videostab",
					"-lopencv_aruco",
					"-lopencv_bgsegm",
					"-lopencv_bioinspired",
					"-lopencv_ccalib",
					"-lopencv_dnn_objdetect",
					"-lopencv_dpm",
					"-lopencv_face",
					"-lopencv_photo",
					"-lopencv_fuzzy",
					"-lopencv_hfs",
					"-lopencv_img_hash",
					"-lopencv_line_descriptor",
					"-lopencv_optflow",
					"-lopencv_reg",
					"-lopencv_rgbd",
					"-lopencv_saliency",
					"-lopencv_stereo",
					"-lopencv_structured_light",
					"-lopencv_phase_unwrapping",
					"-lopencv_surface_matching",
					"-lopencv_tracking",
					"-lopencv_datasets",
					"-lopencv_dnn",
					"-lopencv_plot",
					"-lopencv_xfeatures2d",
					"-lopencv_shape",
					"-lopencv_video",
					"-lopencv_ml",
					"-lopencv_ximgproc",
					"-lopencv_calib3d",
					"-lopencv_features2d",
					"-lopencv_highgui",
					"-lopencv_videoio",
					"-lopencv_flann",
					"-lopencv_xobjdetect",
					"-lopencv_imgcodecs",
					"-lopencv_objdetect",
					"-lopencv_xphoto",
					"-lopencv_imgproc",
					"-lopencv_core",
					"-ldlib",
					"-lpng16",
					"-lz",
					"-lX11",
					"-lboost_filesystem",
					"-lboost_system",
				);
				PRODUCT_NAME = "$(TARGET_NAME)";
			};
			name = Release;
		};
/* End XCBuildConfiguration section */

/* Begin XCConfigurationList section */
		C1CC13AA20A3C9AF006BD835 /* Build configuration list for PBXProject "FaceWrangling" */ = {
			isa = XCConfigurationList;
			buildConfigurations = (
				C1CC13B420A3C9B0006BD835 /* Debug */,
				C1CC13B520A3C9B0006BD835 /* Release */,
			);
			defaultConfigurationIsVisible = 0;
			defaultConfigurationName = Release;
		};
		C1CC13B620A3C9B0006BD835 /* Build configuration list for PBXNativeTarget "FaceWrangling" */ = {
			isa = XCConfigurationList;
			buildConfigurations = (
				C1CC13B720A3C9B0006BD835 /* Debug */,
				C1CC13B820A3C9B0006BD835 /* Release */,
			);
			defaultConfigurationIsVisible = 0;
			defaultConfigurationName = Release;
		};
/* End XCConfigurationList section */
	};
	rootObject = C1CC13A720A3C9AF006BD835 /* Project object */;
}
